
Microsoft Visual Studio Solution File, Format Version 12.00
# Visual Studio 15
VisualStudioVersion = 15.0.27703.2000
MinimumVisualStudioVersion = 10.0.40219.1
Project("{FAE04EC0-301F-11D3-BF4B-00C04F79EFBC}") = "CalculatorConsole", "CalculatorConsole\CalculatorConsole.csproj", "{438EAF55-1772-4CEB-AB44-B051E008A066}"
EndProject
Global
	GlobalSection(SolutionConfigurationPlatforms) = preSolution
		Debug|Any CPU = Debug|Any CPU
		Release|Any CPU = Release|Any CPU
	EndGlobalSection
	GlobalSection(ProjectConfigurationPlatforms) = postSolution
		{438EAF55-1772-4CEB-AB44-B051E008A066}.Debug|Any CPU.ActiveCfg = Debug|Any CPU
		{438EAF55-1772-4CEB-AB44-B051E008A066}.Debug|Any CPU.Build.0 = Debug|Any CPU
		{438EAF55-1772-4CEB-AB44-B051E008A066}.Release|Any CPU.ActiveCfg = Release|Any CPU
		{438EAF55-1772-4CEB-AB44-B051E008A066}.Release|Any CPU.Build.0 = Release|Any CPU
	EndGlobalSection
	GlobalSection(SolutionProperties) = preSolution
		HideSolutionNode = FALSE
	EndGlobalSection
	GlobalSection(ExtensibilityGlobals) = postSolution
		SolutionGuid = {A8D7BFD5-729B-4EA8-8932-B9FC1F36C9C1}
	EndGlobalSection
EndGlobal
